
Microsoft Visual Studio Solution File, Format Version 12.00
# Visual Studio Version 17
VisualStudioVersion = 17.9.34723.18
MinimumVisualStudioVersion = 10.0.40219.1
Project("{9A19103F-16F7-4668-BE54-9A1E7A4F7556}") = "Core.Domain", "Core.Domain\Core.Domain.csproj", "{FED4D187-80D2-4C5F-8F70-5EC47B1A636A}"
EndProject
Project("{2150E333-8FDC-42A3-9474-1A3956D46DE8}") = "Core", "Core", "{03DF0A2A-464A-4777-A8E5-5F7F5F678CB6}"
EndProject
Project("{2150E333-8FDC-42A3-9474-1A3956D46DE8}") = "솔루션 항목", "솔루션 항목", "{4871B8F5-1F0E-459D-A8DA-A8404152DAEF}"
	ProjectSection(SolutionItems) = preProject
		Directory.Build.props = Directory.Build.props
		Directory.Packages.props = Directory.Packages.props
	EndProjectSection
EndProject
Project("{9A19103F-16F7-4668-BE54-9A1E7A4F7556}") = "Core.UseCase.Handler", "Core.Application\Core.UseCase.Handler.csproj", "{C19F2CA2-0007-4EE3-B51A-57873430319C}"
EndProject
Project("{9A19103F-16F7-4668-BE54-9A1E7A4F7556}") = "Core.UseCase.Message", "Core.Application.Message\Core.UseCase.Message.csproj", "{232428CF-299D-48DE-AE27-8252E5CCAEAB}"
EndProject
Project("{9A19103F-16F7-4668-BE54-9A1E7A4F7556}") = "Core.UseCase.Common", "Core.Application.Common\Core.UseCase.Common.csproj", "{2843E30A-0B32-41BC-9578-1613813761F1}"
EndProject
Project("{FAE04EC0-301F-11D3-BF4B-00C04F79EFBC}") = "Core.UseCase.DBService", "Core.UseCase.DBService\Core.UseCase.DBService.csproj", "{8E996F90-36D6-400D-953E-6C169735AD03}"
EndProject
Project("{FAE04EC0-301F-11D3-BF4B-00C04F79EFBC}") = "Core.UseCase.LoadService", "Core.UseCase.LoadService\Core.UseCase.LoadService.csproj", "{3E325E89-724B-4422-9CF8-1AF544657DDE}"
EndProject
Project("{FAE04EC0-301F-11D3-BF4B-00C04F79EFBC}") = "Core.UseCase.TransformService", "Core.UseCase.TransformService\Core.UseCase.TransformService.csproj", "{DEBC9423-EE08-45D0-B7EE-C1232373CBFF}"
EndProject
Project("{FAE04EC0-301F-11D3-BF4B-00C04F79EFBC}") = "Core.UseCase.TransferService", "Core.UseCase.TransferService\Core.UseCase.TransferService.csproj", "{AF005F1A-A7CA-48E4-B4A8-DDE4C5DA87EC}"
EndProject
Project("{2150E333-8FDC-42A3-9474-1A3956D46DE8}") = "Feature", "Feature", "{AB8AA36C-15C8-484D-8552-AFA1063FB785}"
EndProject
Project("{2150E333-8FDC-42A3-9474-1A3956D46DE8}") = "Platform", "Platform", "{63660C8F-F069-491D-8F7F-E4EC5FFE342B}"
EndProject
Project("{FAE04EC0-301F-11D3-BF4B-00C04F79EFBC}") = "Platform.Messege.Redis", "Platform.Redis\Platform.Messege.Redis.csproj", "{E81C6C31-F989-4608-AFF3-F5CA5E6BEA6F}"
EndProject
Project("{FAE04EC0-301F-11D3-BF4B-00C04F79EFBC}") = "Platform.DB.Postgre", "Platform.DB.Postgre\Platform.DB.Postgre.csproj", "{A7EA6DDA-9C25-4E48-B679-634B822315F1}"
EndProject
Project("{FAE04EC0-301F-11D3-BF4B-00C04F79EFBC}") = "Feature.DataBase", "Feature.DataBase\Feature.DataBase.csproj", "{8AFC6585-407E-41D1-9A3A-D90284E159DC}"
EndProject
Global
	GlobalSection(SolutionConfigurationPlatforms) = preSolution
		Debug|Any CPU = Debug|Any CPU
		Release|Any CPU = Release|Any CPU
	EndGlobalSection
	GlobalSection(ProjectConfigurationPlatforms) = postSolution
		{FED4D187-80D2-4C5F-8F70-5EC47B1A636A}.Debug|Any CPU.ActiveCfg = Debug|Any CPU
		{FED4D187-80D2-4C5F-8F70-5EC47B1A636A}.Debug|Any CPU.Build.0 = Debug|Any CPU
		{FED4D187-80D2-4C5F-8F70-5EC47B1A636A}.Release|Any CPU.ActiveCfg = Release|Any CPU
		{FED4D187-80D2-4C5F-8F70-5EC47B1A636A}.Release|Any CPU.Build.0 = Release|Any CPU
		{C19F2CA2-0007-4EE3-B51A-57873430319C}.Debug|Any CPU.ActiveCfg = Debug|Any CPU
		{C19F2CA2-0007-4EE3-B51A-57873430319C}.Debug|Any CPU.Build.0 = Debug|Any CPU
		{C19F2CA2-0007-4EE3-B51A-57873430319C}.Release|Any CPU.ActiveCfg = Release|Any CPU
		{C19F2CA2-0007-4EE3-B51A-57873430319C}.Release|Any CPU.Build.0 = Release|Any CPU
		{232428CF-299D-48DE-AE27-8252E5CCAEAB}.Debug|Any CPU.ActiveCfg = Debug|Any CPU
		{232428CF-299D-48DE-AE27-8252E5CCAEAB}.Debug|Any CPU.Build.0 = Debug|Any CPU
		{232428CF-299D-48DE-AE27-8252E5CCAEAB}.Release|Any CPU.ActiveCfg = Release|Any CPU
		{232428CF-299D-48DE-AE27-8252E5CCAEAB}.Release|Any CPU.Build.0 = Release|Any CPU
		{2843E30A-0B32-41BC-9578-1613813761F1}.Debug|Any CPU.ActiveCfg = Debug|Any CPU
		{2843E30A-0B32-41BC-9578-1613813761F1}.Debug|Any CPU.Build.0 = Debug|Any CPU
		{2843E30A-0B32-41BC-9578-1613813761F1}.Release|Any CPU.ActiveCfg = Release|Any CPU
		{2843E30A-0B32-41BC-9578-1613813761F1}.Release|Any CPU.Build.0 = Release|Any CPU
		{8E996F90-36D6-400D-953E-6C169735AD03}.Debug|Any CPU.ActiveCfg = Debug|Any CPU
		{8E996F90-36D6-400D-953E-6C169735AD03}.Debug|Any CPU.Build.0 = Debug|Any CPU
		{8E996F90-36D6-400D-953E-6C169735AD03}.Release|Any CPU.ActiveCfg = Release|Any CPU
		{8E996F90-36D6-400D-953E-6C169735AD03}.Release|Any CPU.Build.0 = Release|Any CPU
		{3E325E89-724B-4422-9CF8-1AF544657DDE}.Debug|Any CPU.ActiveCfg = Debug|Any CPU
		{3E325E89-724B-4422-9CF8-1AF544657DDE}.Debug|Any CPU.Build.0 = Debug|Any CPU
		{3E325E89-724B-4422-9CF8-1AF544657DDE}.Release|Any CPU.ActiveCfg = Release|Any CPU
		{3E325E89-724B-4422-9CF8-1AF544657DDE}.Release|Any CPU.Build.0 = Release|Any CPU
		{DEBC9423-EE08-45D0-B7EE-C1232373CBFF}.Debug|Any CPU.ActiveCfg = Debug|Any CPU
		{DEBC9423-EE08-45D0-B7EE-C1232373CBFF}.Debug|Any CPU.Build.0 = Debug|Any CPU
		{DEBC9423-EE08-45D0-B7EE-C1232373CBFF}.Release|Any CPU.ActiveCfg = Release|Any CPU
		{DEBC9423-EE08-45D0-B7EE-C1232373CBFF}.Release|Any CPU.Build.0 = Release|Any CPU
		{AF005F1A-A7CA-48E4-B4A8-DDE4C5DA87EC}.Debug|Any CPU.ActiveCfg = Debug|Any CPU
		{AF005F1A-A7CA-48E4-B4A8-DDE4C5DA87EC}.Debug|Any CPU.Build.0 = Debug|Any CPU
		{AF005F1A-A7CA-48E4-B4A8-DDE4C5DA87EC}.Release|Any CPU.ActiveCfg = Release|Any CPU
		{AF005F1A-A7CA-48E4-B4A8-DDE4C5DA87EC}.Release|Any CPU.Build.0 = Release|Any CPU
		{E81C6C31-F989-4608-AFF3-F5CA5E6BEA6F}.Debug|Any CPU.ActiveCfg = Debug|Any CPU
		{E81C6C31-F989-4608-AFF3-F5CA5E6BEA6F}.Debug|Any CPU.Build.0 = Debug|Any CPU
		{E81C6C31-F989-4608-AFF3-F5CA5E6BEA6F}.Release|Any CPU.ActiveCfg = Release|Any CPU
		{E81C6C31-F989-4608-AFF3-F5CA5E6BEA6F}.Release|Any CPU.Build.0 = Release|Any CPU
		{A7EA6DDA-9C25-4E48-B679-634B822315F1}.Debug|Any CPU.ActiveCfg = Debug|Any CPU
		{A7EA6DDA-9C25-4E48-B679-634B822315F1}.Debug|Any CPU.Build.0 = Debug|Any CPU
		{A7EA6DDA-9C25-4E48-B679-634B822315F1}.Release|Any CPU.ActiveCfg = Release|Any CPU
		{A7EA6DDA-9C25-4E48-B679-634B822315F1}.Release|Any CPU.Build.0 = Release|Any CPU
		{8AFC6585-407E-41D1-9A3A-D90284E159DC}.Debug|Any CPU.ActiveCfg = Debug|Any CPU
		{8AFC6585-407E-41D1-9A3A-D90284E159DC}.Debug|Any CPU.Build.0 = Debug|Any CPU
		{8AFC6585-407E-41D1-9A3A-D90284E159DC}.Release|Any CPU.ActiveCfg = Release|Any CPU
		{8AFC6585-407E-41D1-9A3A-D90284E159DC}.Release|Any CPU.Build.0 = Release|Any CPU
	EndGlobalSection
	GlobalSection(SolutionProperties) = preSolution
		HideSolutionNode = FALSE
	EndGlobalSection
	GlobalSection(NestedProjects) = preSolution
		{FED4D187-80D2-4C5F-8F70-5EC47B1A636A} = {03DF0A2A-464A-4777-A8E5-5F7F5F678CB6}
		{C19F2CA2-0007-4EE3-B51A-57873430319C} = {03DF0A2A-464A-4777-A8E5-5F7F5F678CB6}
		{232428CF-299D-48DE-AE27-8252E5CCAEAB} = {03DF0A2A-464A-4777-A8E5-5F7F5F678CB6}
		{2843E30A-0B32-41BC-9578-1613813761F1} = {03DF0A2A-464A-4777-A8E5-5F7F5F678CB6}
		{E81C6C31-F989-4608-AFF3-F5CA5E6BEA6F} = {63660C8F-F069-491D-8F7F-E4EC5FFE342B}
		{A7EA6DDA-9C25-4E48-B679-634B822315F1} = {63660C8F-F069-491D-8F7F-E4EC5FFE342B}
		{8AFC6585-407E-41D1-9A3A-D90284E159DC} = {AB8AA36C-15C8-484D-8552-AFA1063FB785}
	EndGlobalSection
	GlobalSection(ExtensibilityGlobals) = postSolution
		SolutionGuid = {B06DC098-F65A-4BFA-A8E8-59E784FF8834}
	EndGlobalSection
EndGlobal
